
Microsoft Visual Studio Solution File, Format Version 12.00
# Blend for Visual Studio Version 16
VisualStudioVersion = 16.0.28606.126
MinimumVisualStudioVersion = 10.0.40219.1
Project("{9A19103F-16F7-4668-BE54-9A1E7A4F7556}") = "Reloaded.WPF", "Reloaded.WPF\Reloaded.WPF.csproj", "{2A7E02A0-CE2D-4AD0-87C6-5BF0C7AFBF06}"
EndProject
Project("{9A19103F-16F7-4668-BE54-9A1E7A4F7556}") = "Reloaded.WPF.TestWindow", "Reloaded.WPF.TestWindow\Reloaded.WPF.TestWindow.csproj", "{820CCBFF-ED13-47A2-AA26-C4F48FB96980}"
EndProject
Global
	GlobalSection(SolutionConfigurationPlatforms) = preSolution
		Debug|Any CPU = Debug|Any CPU
		Release|Any CPU = Release|Any CPU
	EndGlobalSection
	GlobalSection(ProjectConfigurationPlatforms) = postSolution
		{2A7E02A0-CE2D-4AD0-87C6-5BF0C7AFBF06}.Debug|Any CPU.ActiveCfg = Debug|Any CPU
		{2A7E02A0-CE2D-4AD0-87C6-5BF0C7AFBF06}.Debug|Any CPU.Build.0 = Debug|Any CPU
		{2A7E02A0-CE2D-4AD0-87C6-5BF0C7AFBF06}.Release|Any CPU.ActiveCfg = Release|Any CPU
		{2A7E02A0-CE2D-4AD0-87C6-5BF0C7AFBF06}.Release|Any CPU.Build.0 = Release|Any CPU
		{820CCBFF-ED13-47A2-AA26-C4F48FB96980}.Debug|Any CPU.ActiveCfg = Debug|Any CPU
		{820CCBFF-ED13-47A2-AA26-C4F48FB96980}.Debug|Any CPU.Build.0 = Debug|Any CPU
		{820CCBFF-ED13-47A2-AA26-C4F48FB96980}.Release|Any CPU.ActiveCfg = Release|Any CPU
		{820CCBFF-ED13-47A2-AA26-C4F48FB96980}.Release|Any CPU.Build.0 = Release|Any CPU
	EndGlobalSection
	GlobalSection(SolutionProperties) = preSolution
		HideSolutionNode = FALSE
	EndGlobalSection
	GlobalSection(ExtensibilityGlobals) = postSolution
		SolutionGuid = {EED50151-E5CE-40E4-9AB5-07A8805EA83E}
	EndGlobalSection
EndGlobal
